
Microsoft Visual Studio Solution File, Format Version 12.00
# Visual Studio Version 17
VisualStudioVersion = 17.7.34018.315
MinimumVisualStudioVersion = 10.0.40219.1
Project("{FAE04EC0-301F-11D3-BF4B-00C04F79EFBC}") = "webbilirprojesi", "webbilirprojesi\webbilirprojesi.csproj", "{620F74F9-9C5D-4B36-82ED-9B562FBDBE57}"
EndProject
Global
	GlobalSection(SolutionConfigurationPlatforms) = preSolution
		Debug|Any CPU = Debug|Any CPU
		Release|Any CPU = Release|Any CPU
	EndGlobalSection
	GlobalSection(ProjectConfigurationPlatforms) = postSolution
		{620F74F9-9C5D-4B36-82ED-9B562FBDBE57}.Debug|Any CPU.ActiveCfg = Debug|Any CPU
		{620F74F9-9C5D-4B36-82ED-9B562FBDBE57}.Debug|Any CPU.Build.0 = Debug|Any CPU
		{620F74F9-9C5D-4B36-82ED-9B562FBDBE57}.Release|Any CPU.ActiveCfg = Release|Any CPU
		{620F74F9-9C5D-4B36-82ED-9B562FBDBE57}.Release|Any CPU.Build.0 = Release|Any CPU
	EndGlobalSection
	GlobalSection(SolutionProperties) = preSolution
		HideSolutionNode = FALSE
	EndGlobalSection
	GlobalSection(ExtensibilityGlobals) = postSolution
		SolutionGuid = {B39546B8-F57B-409E-AA18-91CE9FAF4F1F}
	EndGlobalSection
EndGlobal
